{
  "name": "@aomi-labs/client",
  "version": "0.1.11",
  "lockfileVersion": 3,
  "requires": true,
  "packages": {
    "": {
      "name": "@aomi-labs/client",
      "version": "0.1.11",
      "dependencies": {
        "@getpara/aa-alchemy": "2.18.0",
        "@getpara/aa-pimlico": "2.18.0",
        "viem": "^2.40.3"
      },
      "bin": {
        "aomi": "dist/cli.js"
      }
    },
    "../../node_modules/.pnpm/@getpara+aa-alchemy@2.18.0_bufferutil@4.1.0_typescript@5.9.3_utf-8-validate@5.0.10_viem_1f74346d16f1319a4851a71fdae934b6/node_modules/@getpara/aa-alchemy": {
      "version": "2.18.0",
      "dependencies": {
        "@aa-sdk/core": "^4.84.1",
        "@account-kit/infra": "^4.84.1",
        "@account-kit/smart-contracts": "^4.84.1",
        "@getpara/viem-v2-integration": "2.18.0"
      },
      "devDependencies": {
        "typescript": "^5.8.3"
      },
      "peerDependencies": {
        "viem": ">=2.0.0"
      }
    },
    "../../node_modules/.pnpm/@getpara+aa-pimlico@2.18.0_viem@2.40.3_bufferutil@4.1.0_typescript@5.9.3_utf-8-validate@5.0.10_zod@3.25.76_/node_modules/@getpara/aa-pimlico": {
      "version": "2.18.0",
      "dependencies": {
        "@getpara/viem-v2-integration": "2.18.0",
        "permissionless": "^0.2.12"
      },
      "devDependencies": {
        "typescript": "^5.8.3"
      },
      "peerDependencies": {
        "viem": ">=2.0.0"
      }
    },
    "../../node_modules/.pnpm/viem@2.40.3_bufferutil@4.1.0_typescript@5.9.3_utf-8-validate@5.0.10_zod@3.25.76/node_modules/viem": {
      "version": "2.40.3",
      "funding": [
        {
          "type": "github",
          "url": "https://github.com/sponsors/wevm"
        }
      ],
      "license": "MIT",
      "dependencies": {
        "@noble/curves": "1.9.1",
        "@noble/hashes": "1.8.0",
        "@scure/bip32": "1.7.0",
        "@scure/bip39": "1.6.0",
        "abitype": "1.1.0",
        "isows": "1.0.7",
        "ox": "0.9.6",
        "ws": "8.18.3"
      },
      "peerDependencies": {
        "typescript": ">=5.0.4"
      },
      "peerDependenciesMeta": {
        "typescript": {
          "optional": true
        }
      }
    },
    "node_modules/@getpara/aa-alchemy": {
      "resolved": "../../node_modules/.pnpm/@getpara+aa-alchemy@2.18.0_bufferutil@4.1.0_typescript@5.9.3_utf-8-validate@5.0.10_viem_1f74346d16f1319a4851a71fdae934b6/node_modules/@getpara/aa-alchemy",
      "link": true
    },
    "node_modules/@getpara/aa-pimlico": {
      "resolved": "../../node_modules/.pnpm/@getpara+aa-pimlico@2.18.0_viem@2.40.3_bufferutil@4.1.0_typescript@5.9.3_utf-8-validate@5.0.10_zod@3.25.76_/node_modules/@getpara/aa-pimlico",
      "link": true
    },
    "node_modules/viem": {
      "resolved": "../../node_modules/.pnpm/viem@2.40.3_bufferutil@4.1.0_typescript@5.9.3_utf-8-validate@5.0.10_zod@3.25.76/node_modules/viem",
      "link": true
    }
  }
}
